PODS:
  - Alamofire (3.1.3)
  - pop (1.0.8)
  - UberRides (0.1.1)

DEPENDENCIES:
  - Alamofire (~> 3.0)
  - pop (~> 1.0)
  - UberRides

SPEC CHECKSUMS:
  Alamofire: 9f93b56389e48def9220dd57d1f44b1927229a5a
  pop: bb773ae2c791ca2629de13b347e7a8b450fa6a57
  UberRides: cc842fb6202cd97e88b552ca4972770fe1a3df6d

COCOAPODS: 0.39.0
